
Microsoft Visual Studio Solution File, Format Version 12.00
# Visual Studio 15
VisualStudioVersion = 15.0.27130.2027
MinimumVisualStudioVersion = 10.0.40219.1
Project("{9A19103F-16F7-4668-BE54-9A1E7A4F7556}") = "SysQueiroz.API", "SysQueiroz.API\SysQueiroz.API.csproj", "{761D5E5A-238A-4750-A790-0C7E6FFFDFE8}"
EndProject
Project("{9A19103F-16F7-4668-BE54-9A1E7A4F7556}") = "SysQueiroz.Core", "SysQueiroz.Core\SysQueiroz.Core.csproj", "{A0DDD472-621D-4DCA-98C1-28F1FA7E7124}"
EndProject
Project("{9A19103F-16F7-4668-BE54-9A1E7A4F7556}") = "SysQueiroz.Repository", "SysQueiroz.Repository\SysQueiroz.Repository.csproj", "{EA0397A2-2321-4013-B089-F13EAA1D75D3}"
EndProject
Project("{2150E333-8FDC-42A3-9474-1A3956D46DE8}") = "SysQueiroz.Modules", "SysQueiroz.Modules", "{154C60EB-C83F-41BB-842C-F79E92553249}"
EndProject
Project("{FAE04EC0-301F-11D3-BF4B-00C04F79EFBC}") = "SysQueiroz.Users", "SysQueiroz.Modules\SysQueiroz.Users\SysQueiroz.Users.csproj", "{25E02B32-1A54-49B8-8FC9-15CC2DBD54FC}"
EndProject
Global
	GlobalSection(SolutionConfigurationPlatforms) = preSolution
		Debug|Any CPU = Debug|Any CPU
		Release|Any CPU = Release|Any CPU
	EndGlobalSection
	GlobalSection(ProjectConfigurationPlatforms) = postSolution
		{761D5E5A-238A-4750-A790-0C7E6FFFDFE8}.Debug|Any CPU.ActiveCfg = Debug|Any CPU
		{761D5E5A-238A-4750-A790-0C7E6FFFDFE8}.Debug|Any CPU.Build.0 = Debug|Any CPU
		{761D5E5A-238A-4750-A790-0C7E6FFFDFE8}.Release|Any CPU.ActiveCfg = Release|Any CPU
		{761D5E5A-238A-4750-A790-0C7E6FFFDFE8}.Release|Any CPU.Build.0 = Release|Any CPU
		{A0DDD472-621D-4DCA-98C1-28F1FA7E7124}.Debug|Any CPU.ActiveCfg = Debug|Any CPU
		{A0DDD472-621D-4DCA-98C1-28F1FA7E7124}.Debug|Any CPU.Build.0 = Debug|Any CPU
		{A0DDD472-621D-4DCA-98C1-28F1FA7E7124}.Release|Any CPU.ActiveCfg = Release|Any CPU
		{A0DDD472-621D-4DCA-98C1-28F1FA7E7124}.Release|Any CPU.Build.0 = Release|Any CPU
		{EA0397A2-2321-4013-B089-F13EAA1D75D3}.Debug|Any CPU.ActiveCfg = Debug|Any CPU
		{EA0397A2-2321-4013-B089-F13EAA1D75D3}.Debug|Any CPU.Build.0 = Debug|Any CPU
		{EA0397A2-2321-4013-B089-F13EAA1D75D3}.Release|Any CPU.ActiveCfg = Release|Any CPU
		{EA0397A2-2321-4013-B089-F13EAA1D75D3}.Release|Any CPU.Build.0 = Release|Any CPU
		{25E02B32-1A54-49B8-8FC9-15CC2DBD54FC}.Debug|Any CPU.ActiveCfg = Debug|Any CPU
		{25E02B32-1A54-49B8-8FC9-15CC2DBD54FC}.Debug|Any CPU.Build.0 = Debug|Any CPU
		{25E02B32-1A54-49B8-8FC9-15CC2DBD54FC}.Release|Any CPU.ActiveCfg = Release|Any CPU
		{25E02B32-1A54-49B8-8FC9-15CC2DBD54FC}.Release|Any CPU.Build.0 = Release|Any CPU
	EndGlobalSection
	GlobalSection(SolutionProperties) = preSolution
		HideSolutionNode = FALSE
	EndGlobalSection
	GlobalSection(NestedProjects) = preSolution
		{25E02B32-1A54-49B8-8FC9-15CC2DBD54FC} = {154C60EB-C83F-41BB-842C-F79E92553249}
	EndGlobalSection
	GlobalSection(ExtensibilityGlobals) = postSolution
		SolutionGuid = {6C52BD7B-5D27-4717-85F8-C92BAD32621E}
	EndGlobalSection
EndGlobal
